{
    "name": "portfolio-bootstrap",
    "version": "1.0.0",
    "lockfileVersion": 3,
    "requires": true,
    "packages": {
        "": {
            "name": "portfolio-bootstrap",
            "version": "1.0.0",
            "license": "GPL-3.0-or-later",
            "devDependencies": {
                "prettier": "^3.2.5",
                "prettier-plugin-organize-attributes": "^1.0.0"
            }
        },
        "node_modules/prettier": {
            "version": "3.2.5",
            "resolved": "https://registry.npmjs.org/prettier/-/prettier-3.2.5.tgz",
            "integrity": "sha512-3/GWa9aOC0YeD7LUfvOG2NiDyhOWRvt1k+rcKhOuYnMY24iiCphgneUfJDyFXd6rZCAnuLBv6UeAULtrhT/F4A==",
            "dev": true,
            "bin": {
                "prettier": "bin/prettier.cjs"
            },
            "engines": {
                "node": ">=14"
            },
            "funding": {
                "url": "https://github.com/prettier/prettier?sponsor=1"
            }
        },
        "node_modules/prettier-plugin-organize-attributes": {
            "version": "1.0.0",
            "resolved": "https://registry.npmjs.org/prettier-plugin-organize-attributes/-/prettier-plugin-organize-attributes-1.0.0.tgz",
            "integrity": "sha512-+NmameaLxbCcylEXsKPmawtzla5EE6ECqvGkpfQz4KM847fXDifB1gFnPQEpoADAq6IXg+cMI8Z0ISJEXa6fhg==",
            "dev": true,
            "engines": {
                "node": ">=14.0.0"
            },
            "peerDependencies": {
                "prettier": "^3.0.0"
            }
        }
    }
}
